{
  "name": "js_tutorial",
  "lockfileVersion": 2,
  "requires": true,
  "packages": {
    "": {
      "dependencies": {
        "m-nsd-palindrome": "^0.1.0"
      }
    },
    "node_modules/m-nsd-palindrome": {
      "version": "0.1.1",
      "resolved": "https://registry.npmjs.org/m-nsd-palindrome/-/m-nsd-palindrome-0.1.1.tgz",
      "integrity": "sha512-hxecdCWVcXUkZUT/PNaFo2kf9Rtg+2IbrrgAKcD4B0273b9gqDmTHPMbWr/Qv94yxRiuIC9JIdjqgiDaJmSO1w=="
    }
  },
  "dependencies": {
    "m-nsd-palindrome": {
      "version": "0.1.1",
      "resolved": "https://registry.npmjs.org/m-nsd-palindrome/-/m-nsd-palindrome-0.1.1.tgz",
      "integrity": "sha512-hxecdCWVcXUkZUT/PNaFo2kf9Rtg+2IbrrgAKcD4B0273b9gqDmTHPMbWr/Qv94yxRiuIC9JIdjqgiDaJmSO1w=="
    }
  }
}
