{
  "name": "js_tutorial",
  "lockfileVersion": 2,
  "requires": true,
  "packages": {
    "": {
      "dependencies": {
        "m-nsd-palindrome": "^0.1.0"
      }
    },
    "node_modules/m-nsd-palindrome": {
      "version": "0.1.0",
      "resolved": "https://registry.npmjs.org/m-nsd-palindrome/-/m-nsd-palindrome-0.1.0.tgz",
      "integrity": "sha512-VPujC47yTMhsv2Iq6uEB5JpCiPwfHZhbIYPbeVXdKt/kmARawa2ZxBDBWqF5MZDg6jsJokv0J05BZphGEfpcdg=="
    }
  },
  "dependencies": {
    "m-nsd-palindrome": {
      "version": "0.1.0",
      "resolved": "https://registry.npmjs.org/m-nsd-palindrome/-/m-nsd-palindrome-0.1.0.tgz",
      "integrity": "sha512-VPujC47yTMhsv2Iq6uEB5JpCiPwfHZhbIYPbeVXdKt/kmARawa2ZxBDBWqF5MZDg6jsJokv0J05BZphGEfpcdg=="
    }
  }
}
